
Microsoft Visual Studio Solution File, Format Version 12.00
# Visual Studio 15
VisualStudioVersion = 15.0.28307.329
MinimumVisualStudioVersion = 10.0.40219.1
Project("{FAE04EC0-301F-11D3-BF4B-00C04F79EFBC}") = "NerualNetworkPrev", "NerualNetworkPrev\NerualNetworkPrev.csproj", "{5A726CE7-CCA1-4EFF-A17A-90FACB739DFB}"
EndProject
Project("{FAE04EC0-301F-11D3-BF4B-00C04F79EFBC}") = "MNISTLib", "MNISTLib\MNISTLib.csproj", "{AE24C768-A0D2-444A-BDF0-94DF90A9307C}"
EndProject
Project("{FAE04EC0-301F-11D3-BF4B-00C04F79EFBC}") = "NNv1", "NNv1\NNv1.csproj", "{D4BA2B19-C930-45D2-B709-6416B708BAA3}"
EndProject
Global
	GlobalSection(SolutionConfigurationPlatforms) = preSolution
		Debug|Any CPU = Debug|Any CPU
		Release|Any CPU = Release|Any CPU
	EndGlobalSection
	GlobalSection(ProjectConfigurationPlatforms) = postSolution
		{5A726CE7-CCA1-4EFF-A17A-90FACB739DFB}.Debug|Any CPU.ActiveCfg = Debug|Any CPU
		{5A726CE7-CCA1-4EFF-A17A-90FACB739DFB}.Debug|Any CPU.Build.0 = Debug|Any CPU
		{5A726CE7-CCA1-4EFF-A17A-90FACB739DFB}.Release|Any CPU.ActiveCfg = Release|Any CPU
		{5A726CE7-CCA1-4EFF-A17A-90FACB739DFB}.Release|Any CPU.Build.0 = Release|Any CPU
		{AE24C768-A0D2-444A-BDF0-94DF90A9307C}.Debug|Any CPU.ActiveCfg = Debug|Any CPU
		{AE24C768-A0D2-444A-BDF0-94DF90A9307C}.Debug|Any CPU.Build.0 = Debug|Any CPU
		{AE24C768-A0D2-444A-BDF0-94DF90A9307C}.Release|Any CPU.ActiveCfg = Release|Any CPU
		{AE24C768-A0D2-444A-BDF0-94DF90A9307C}.Release|Any CPU.Build.0 = Release|Any CPU
		{D4BA2B19-C930-45D2-B709-6416B708BAA3}.Debug|Any CPU.ActiveCfg = Debug|Any CPU
		{D4BA2B19-C930-45D2-B709-6416B708BAA3}.Debug|Any CPU.Build.0 = Debug|Any CPU
		{D4BA2B19-C930-45D2-B709-6416B708BAA3}.Release|Any CPU.ActiveCfg = Release|Any CPU
		{D4BA2B19-C930-45D2-B709-6416B708BAA3}.Release|Any CPU.Build.0 = Release|Any CPU
	EndGlobalSection
	GlobalSection(SolutionProperties) = preSolution
		HideSolutionNode = FALSE
	EndGlobalSection
	GlobalSection(ExtensibilityGlobals) = postSolution
		SolutionGuid = {D49D8FD3-01DA-4F67-AEF2-18550DF00DF9}
	EndGlobalSection
EndGlobal
